
Microsoft Visual Studio Solution File, Format Version 12.00
# Visual Studio 15
Project("{FAE04EC0-301F-11D3-BF4B-00C04F79EFBC}") = "ShoppingCart", "ShoppingCart\ShoppingCart.csproj", "{3511C10A-7A2F-4D9E-A6B1-A4BBCDDC5078}"
EndProject
Project("{FAE04EC0-301F-11D3-BF4B-00C04F79EFBC}") = "ShoppingCart.Business", "Shopping.Business\ShoppingCart.Business.csproj", "{5EDEED06-E01B-4DF6-9255-B1F0BFEA1606}"
EndProject
Global
	GlobalSection(SolutionConfigurationPlatforms) = preSolution
		Debug|Any CPU = Debug|Any CPU
		Release|Any CPU = Release|Any CPU
	EndGlobalSection
	GlobalSection(ProjectConfigurationPlatforms) = postSolution
		{3511C10A-7A2F-4D9E-A6B1-A4BBCDDC5078}.Debug|Any CPU.ActiveCfg = Debug|Any CPU
		{3511C10A-7A2F-4D9E-A6B1-A4BBCDDC5078}.Debug|Any CPU.Build.0 = Debug|Any CPU
		{3511C10A-7A2F-4D9E-A6B1-A4BBCDDC5078}.Release|Any CPU.ActiveCfg = Release|Any CPU
		{3511C10A-7A2F-4D9E-A6B1-A4BBCDDC5078}.Release|Any CPU.Build.0 = Release|Any CPU
		{5EDEED06-E01B-4DF6-9255-B1F0BFEA1606}.Debug|Any CPU.ActiveCfg = Debug|Any CPU
		{5EDEED06-E01B-4DF6-9255-B1F0BFEA1606}.Debug|Any CPU.Build.0 = Debug|Any CPU
		{5EDEED06-E01B-4DF6-9255-B1F0BFEA1606}.Release|Any CPU.ActiveCfg = Release|Any CPU
		{5EDEED06-E01B-4DF6-9255-B1F0BFEA1606}.Release|Any CPU.Build.0 = Release|Any CPU
	EndGlobalSection
EndGlobal
